{
  "name": "sts-broker",
  "version": "0.0.1",
  "lockfileVersion": 1,
  "requires": true,
  "dependencies": {
    "really-relaxed-json": {
      "version": "0.2.24",
      "resolved": "https://registry.npmjs.org/really-relaxed-json/-/really-relaxed-json-0.2.24.tgz",
      "integrity": "sha512-YaY9fR3c+wKOJFSv5dXsPQGtp7zvuOKlmdzUvQvNI/+Hk1/S0eiH+/Pwj9eMRpxlC59lt/szUAG3BLoJaz8JnQ=="
    }
  }
}
